
Microsoft Visual Studio Solution File, Format Version 12.00
# Visual Studio 15
VisualStudioVersion = 15.0.27428.2002
MinimumVisualStudioVersion = 10.0.40219.1
Project("{FAE04EC0-301F-11D3-BF4B-00C04F79EFBC}") = "BSTFromSortedArray", "BSTFromSortedArray\BSTFromSortedArray.csproj", "{9FD07DDD-6C36-4D50-9DE5-9977C5F38E60}"
EndProject
Project("{FAE04EC0-301F-11D3-BF4B-00C04F79EFBC}") = "CheckBSaBST", "IsBSaBST\CheckBSaBST.csproj", "{FEDDA861-C121-45ED-A639-5B68D714C5D1}"
EndProject
Project("{FAE04EC0-301F-11D3-BF4B-00C04F79EFBC}") = "IterativeBinarySearch", "IterativeBinarySearch\IterativeBinarySearch.csproj", "{40DF996F-3AC2-4069-B642-E012E8B07C03}"
EndProject
Project("{FAE04EC0-301F-11D3-BF4B-00C04F79EFBC}") = "RescursiveBinarySearch", "RescursiveBinarySearch\RescursiveBinarySearch.csproj", "{EAD9768E-80DB-4FFA-9DF0-91F20AED5FBF}"
EndProject
Project("{FAE04EC0-301F-11D3-BF4B-00C04F79EFBC}") = "FindOccurenceinBST", "FindOccurenceinBST\FindOccurenceinBST.csproj", "{150BBDA5-EA62-4B05-8971-A0B9953EA09C}"
EndProject
Global
	GlobalSection(SolutionConfigurationPlatforms) = preSolution
		Debug|Any CPU = Debug|Any CPU
		Release|Any CPU = Release|Any CPU
	EndGlobalSection
	GlobalSection(ProjectConfigurationPlatforms) = postSolution
		{9FD07DDD-6C36-4D50-9DE5-9977C5F38E60}.Debug|Any CPU.ActiveCfg = Debug|Any CPU
		{9FD07DDD-6C36-4D50-9DE5-9977C5F38E60}.Debug|Any CPU.Build.0 = Debug|Any CPU
		{9FD07DDD-6C36-4D50-9DE5-9977C5F38E60}.Release|Any CPU.ActiveCfg = Release|Any CPU
		{9FD07DDD-6C36-4D50-9DE5-9977C5F38E60}.Release|Any CPU.Build.0 = Release|Any CPU
		{FEDDA861-C121-45ED-A639-5B68D714C5D1}.Debug|Any CPU.ActiveCfg = Debug|Any CPU
		{FEDDA861-C121-45ED-A639-5B68D714C5D1}.Debug|Any CPU.Build.0 = Debug|Any CPU
		{FEDDA861-C121-45ED-A639-5B68D714C5D1}.Release|Any CPU.ActiveCfg = Release|Any CPU
		{FEDDA861-C121-45ED-A639-5B68D714C5D1}.Release|Any CPU.Build.0 = Release|Any CPU
		{40DF996F-3AC2-4069-B642-E012E8B07C03}.Debug|Any CPU.ActiveCfg = Debug|Any CPU
		{40DF996F-3AC2-4069-B642-E012E8B07C03}.Debug|Any CPU.Build.0 = Debug|Any CPU
		{40DF996F-3AC2-4069-B642-E012E8B07C03}.Release|Any CPU.ActiveCfg = Release|Any CPU
		{40DF996F-3AC2-4069-B642-E012E8B07C03}.Release|Any CPU.Build.0 = Release|Any CPU
		{EAD9768E-80DB-4FFA-9DF0-91F20AED5FBF}.Debug|Any CPU.ActiveCfg = Debug|Any CPU
		{EAD9768E-80DB-4FFA-9DF0-91F20AED5FBF}.Debug|Any CPU.Build.0 = Debug|Any CPU
		{EAD9768E-80DB-4FFA-9DF0-91F20AED5FBF}.Release|Any CPU.ActiveCfg = Release|Any CPU
		{EAD9768E-80DB-4FFA-9DF0-91F20AED5FBF}.Release|Any CPU.Build.0 = Release|Any CPU
		{150BBDA5-EA62-4B05-8971-A0B9953EA09C}.Debug|Any CPU.ActiveCfg = Debug|Any CPU
		{150BBDA5-EA62-4B05-8971-A0B9953EA09C}.Debug|Any CPU.Build.0 = Debug|Any CPU
		{150BBDA5-EA62-4B05-8971-A0B9953EA09C}.Release|Any CPU.ActiveCfg = Release|Any CPU
		{150BBDA5-EA62-4B05-8971-A0B9953EA09C}.Release|Any CPU.Build.0 = Release|Any CPU
	EndGlobalSection
	GlobalSection(SolutionProperties) = preSolution
		HideSolutionNode = FALSE
	EndGlobalSection
	GlobalSection(ExtensibilityGlobals) = postSolution
		SolutionGuid = {2361E481-3E28-4A96-8301-FA7DC515977B}
	EndGlobalSection
EndGlobal
